
Microsoft Visual Studio Solution File, Format Version 12.00
# Visual Studio Version 17
VisualStudioVersion = 17.8.34330.188
MinimumVisualStudioVersion = 10.0.40219.1
Project("{FAE04EC0-301F-11D3-BF4B-00C04F79EFBC}") = "ThanhDatWebsite", "ThanhDatWebsite\ThanhDatWebsite.csproj", "{BC9E76ED-22D0-4EAD-A4CA-7760A8469712}"
EndProject
Global
	GlobalSection(SolutionConfigurationPlatforms) = preSolution
		Debug|Any CPU = Debug|Any CPU
		Release|Any CPU = Release|Any CPU
	EndGlobalSection
	GlobalSection(ProjectConfigurationPlatforms) = postSolution
		{BC9E76ED-22D0-4EAD-A4CA-7760A8469712}.Debug|Any CPU.ActiveCfg = Debug|Any CPU
		{BC9E76ED-22D0-4EAD-A4CA-7760A8469712}.Debug|Any CPU.Build.0 = Debug|Any CPU
		{BC9E76ED-22D0-4EAD-A4CA-7760A8469712}.Release|Any CPU.ActiveCfg = Release|Any CPU
		{BC9E76ED-22D0-4EAD-A4CA-7760A8469712}.Release|Any CPU.Build.0 = Release|Any CPU
	EndGlobalSection
	GlobalSection(SolutionProperties) = preSolution
		HideSolutionNode = FALSE
	EndGlobalSection
	GlobalSection(ExtensibilityGlobals) = postSolution
		SolutionGuid = {27255321-7448-40FF-A11C-74D1D4F49F15}
	EndGlobalSection
EndGlobal
